{
  "name": "example",
  "version": "1.0.0",
  "lockfileVersion": 2,
  "requires": true,
  "packages": {
    "": {
      "name": "example",
      "version": "1.0.0",
      "dependencies": {
        "remote": "file:.."
      }
    },
    "..": {
      "version": "0.0.0-development",
      "license": "MIT",
      "dependencies": {
        "debug": "^4.3.3",
        "rcfile": "^1.0.3",
        "update-notifier": "^5.1.0"
      },
      "bin": {
        "remotemon": "bin/remotemon.js"
      },
      "engines": {
        "node": ">=8.10.0"
      },
      "peerDependencies": {
        "nodemon": "^2.0.15"
      }
    },
    "node_modules/remote": {
      "resolved": "..",
      "link": true
    }
  },
  "dependencies": {
    "remote": {
      "version": "file:..",
      "requires": {
        "debug": "^4.3.3",
        "rcfile": "^1.0.3",
        "update-notifier": "^5.1.0"
      }
    }
  }
}
